
Microsoft Visual Studio Solution File, Format Version 12.00
# Visual Studio Version 16
VisualStudioVersion = 16.0.30804.86
MinimumVisualStudioVersion = 10.0.40219.1
Project("{FAE04EC0-301F-11D3-BF4B-00C04F79EFBC}") = "XAMARIN_TEST_1223.Android", "XAMARIN_TEST_1223\XAMARIN_TEST_1223.Android\XAMARIN_TEST_1223.Android.csproj", "{F77E9A05-F786-4C17-897D-E9D6974A53C7}"
EndProject
Project("{FAE04EC0-301F-11D3-BF4B-00C04F79EFBC}") = "XAMARIN_TEST_1223.iOS", "XAMARIN_TEST_1223\XAMARIN_TEST_1223.iOS\XAMARIN_TEST_1223.iOS.csproj", "{4ACF2797-2470-4179-B7A7-C8CB81326926}"
EndProject
Project("{FAE04EC0-301F-11D3-BF4B-00C04F79EFBC}") = "XAMARIN_TEST_1223", "XAMARIN_TEST_1223\XAMARIN_TEST_1223\XAMARIN_TEST_1223.csproj", "{C9E71CAC-CFC4-40BD-BCF7-19DE4700B2F8}"
EndProject
Global
	GlobalSection(SolutionConfigurationPlatforms) = preSolution
		Debug|Any CPU = Debug|Any CPU
		Debug|iPhone = Debug|iPhone
		Debug|iPhoneSimulator = Debug|iPhoneSimulator
		Release|Any CPU = Release|Any CPU
		Release|iPhone = Release|iPhone
		Release|iPhoneSimulator = Release|iPhoneSimulator
	EndGlobalSection
	GlobalSection(ProjectConfigurationPlatforms) = postSolution
		{F77E9A05-F786-4C17-897D-E9D6974A53C7}.Debug|Any CPU.ActiveCfg = Debug|Any CPU
		{F77E9A05-F786-4C17-897D-E9D6974A53C7}.Debug|Any CPU.Build.0 = Debug|Any CPU
		{F77E9A05-F786-4C17-897D-E9D6974A53C7}.Debug|Any CPU.Deploy.0 = Debug|Any CPU
		{F77E9A05-F786-4C17-897D-E9D6974A53C7}.Debug|iPhone.ActiveCfg = Debug|Any CPU
		{F77E9A05-F786-4C17-897D-E9D6974A53C7}.Debug|iPhone.Build.0 = Debug|Any CPU
		{F77E9A05-F786-4C17-897D-E9D6974A53C7}.Debug|iPhone.Deploy.0 = Debug|Any CPU
		{F77E9A05-F786-4C17-897D-E9D6974A53C7}.Debug|iPhoneSimulator.ActiveCfg = Debug|Any CPU
		{F77E9A05-F786-4C17-897D-E9D6974A53C7}.Debug|iPhoneSimulator.Build.0 = Debug|Any CPU
		{F77E9A05-F786-4C17-897D-E9D6974A53C7}.Debug|iPhoneSimulator.Deploy.0 = Debug|Any CPU
		{F77E9A05-F786-4C17-897D-E9D6974A53C7}.Release|Any CPU.ActiveCfg = Release|Any CPU
		{F77E9A05-F786-4C17-897D-E9D6974A53C7}.Release|Any CPU.Build.0 = Release|Any CPU
		{F77E9A05-F786-4C17-897D-E9D6974A53C7}.Release|Any CPU.Deploy.0 = Release|Any CPU
		{F77E9A05-F786-4C17-897D-E9D6974A53C7}.Release|iPhone.ActiveCfg = Release|Any CPU
		{F77E9A05-F786-4C17-897D-E9D6974A53C7}.Release|iPhone.Build.0 = Release|Any CPU
		{F77E9A05-F786-4C17-897D-E9D6974A53C7}.Release|iPhone.Deploy.0 = Release|Any CPU
		{F77E9A05-F786-4C17-897D-E9D6974A53C7}.Release|iPhoneSimulator.ActiveCfg = Release|Any CPU
		{F77E9A05-F786-4C17-897D-E9D6974A53C7}.Release|iPhoneSimulator.Build.0 = Release|Any CPU
		{F77E9A05-F786-4C17-897D-E9D6974A53C7}.Release|iPhoneSimulator.Deploy.0 = Release|Any CPU
		{4ACF2797-2470-4179-B7A7-C8CB81326926}.Debug|Any CPU.ActiveCfg = Debug|iPhone
		{4ACF2797-2470-4179-B7A7-C8CB81326926}.Debug|Any CPU.Build.0 = Debug|iPhone
		{4ACF2797-2470-4179-B7A7-C8CB81326926}.Debug|Any CPU.Deploy.0 = Debug|iPhone
		{4ACF2797-2470-4179-B7A7-C8CB81326926}.Debug|iPhone.ActiveCfg = Debug|iPhone
		{4ACF2797-2470-4179-B7A7-C8CB81326926}.Debug|iPhone.Build.0 = Debug|iPhone
		{4ACF2797-2470-4179-B7A7-C8CB81326926}.Debug|iPhone.Deploy.0 = Debug|iPhone
		{4ACF2797-2470-4179-B7A7-C8CB81326926}.Debug|iPhoneSimulator.ActiveCfg = Debug|iPhoneSimulator
		{4ACF2797-2470-4179-B7A7-C8CB81326926}.Debug|iPhoneSimulator.Build.0 = Debug|iPhoneSimulator
		{4ACF2797-2470-4179-B7A7-C8CB81326926}.Debug|iPhoneSimulator.Deploy.0 = Debug|iPhoneSimulator
		{4ACF2797-2470-4179-B7A7-C8CB81326926}.Release|Any CPU.ActiveCfg = Release|iPhoneSimulator
		{4ACF2797-2470-4179-B7A7-C8CB81326926}.Release|Any CPU.Build.0 = Release|iPhoneSimulator
		{4ACF2797-2470-4179-B7A7-C8CB81326926}.Release|Any CPU.Deploy.0 = Release|iPhoneSimulator
		{4ACF2797-2470-4179-B7A7-C8CB81326926}.Release|iPhone.ActiveCfg = Release|iPhone
		{4ACF2797-2470-4179-B7A7-C8CB81326926}.Release|iPhone.Build.0 = Release|iPhone
		{4ACF2797-2470-4179-B7A7-C8CB81326926}.Release|iPhone.Deploy.0 = Release|iPhone
		{4ACF2797-2470-4179-B7A7-C8CB81326926}.Release|iPhoneSimulator.ActiveCfg = Release|iPhoneSimulator
		{4ACF2797-2470-4179-B7A7-C8CB81326926}.Release|iPhoneSimulator.Build.0 = Release|iPhoneSimulator
		{4ACF2797-2470-4179-B7A7-C8CB81326926}.Release|iPhoneSimulator.Deploy.0 = Release|iPhoneSimulator
		{C9E71CAC-CFC4-40BD-BCF7-19DE4700B2F8}.Debug|Any CPU.ActiveCfg = Debug|Any CPU
		{C9E71CAC-CFC4-40BD-BCF7-19DE4700B2F8}.Debug|Any CPU.Build.0 = Debug|Any CPU
		{C9E71CAC-CFC4-40BD-BCF7-19DE4700B2F8}.Debug|Any CPU.Deploy.0 = Debug|Any CPU
		{C9E71CAC-CFC4-40BD-BCF7-19DE4700B2F8}.Debug|iPhone.ActiveCfg = Debug|Any CPU
		{C9E71CAC-CFC4-40BD-BCF7-19DE4700B2F8}.Debug|iPhone.Build.0 = Debug|Any CPU
		{C9E71CAC-CFC4-40BD-BCF7-19DE4700B2F8}.Debug|iPhone.Deploy.0 = Debug|Any CPU
		{C9E71CAC-CFC4-40BD-BCF7-19DE4700B2F8}.Debug|iPhoneSimulator.ActiveCfg = Debug|Any CPU
		{C9E71CAC-CFC4-40BD-BCF7-19DE4700B2F8}.Debug|iPhoneSimulator.Build.0 = Debug|Any CPU
		{C9E71CAC-CFC4-40BD-BCF7-19DE4700B2F8}.Debug|iPhoneSimulator.Deploy.0 = Debug|Any CPU
		{C9E71CAC-CFC4-40BD-BCF7-19DE4700B2F8}.Release|Any CPU.ActiveCfg = Release|Any CPU
		{C9E71CAC-CFC4-40BD-BCF7-19DE4700B2F8}.Release|Any CPU.Build.0 = Release|Any CPU
		{C9E71CAC-CFC4-40BD-BCF7-19DE4700B2F8}.Release|Any CPU.Deploy.0 = Release|Any CPU
		{C9E71CAC-CFC4-40BD-BCF7-19DE4700B2F8}.Release|iPhone.ActiveCfg = Release|Any CPU
		{C9E71CAC-CFC4-40BD-BCF7-19DE4700B2F8}.Release|iPhone.Build.0 = Release|Any CPU
		{C9E71CAC-CFC4-40BD-BCF7-19DE4700B2F8}.Release|iPhone.Deploy.0 = Release|Any CPU
		{C9E71CAC-CFC4-40BD-BCF7-19DE4700B2F8}.Release|iPhoneSimulator.ActiveCfg = Release|Any CPU
		{C9E71CAC-CFC4-40BD-BCF7-19DE4700B2F8}.Release|iPhoneSimulator.Build.0 = Release|Any CPU
		{C9E71CAC-CFC4-40BD-BCF7-19DE4700B2F8}.Release|iPhoneSimulator.Deploy.0 = Release|Any CPU
	EndGlobalSection
	GlobalSection(SolutionProperties) = preSolution
		HideSolutionNode = FALSE
	EndGlobalSection
	GlobalSection(ExtensibilityGlobals) = postSolution
		SolutionGuid = {5AAAF20D-EC55-4678-9C23-3B4E4C44AB96}
	EndGlobalSection
EndGlobal
